{
  "name": "05-prueba-libreria",
  "version": "1.0.0",
  "lockfileVersion": 3,
  "requires": true,
  "packages": {
    "": {
      "name": "05-prueba-libreria",
      "version": "1.0.0",
      "license": "ISC",
      "dependencies": {
        "calculadora94535": "^2.0.0"
      }
    },
    "node_modules/calculadora94535": {
      "version": "2.0.0",
      "resolved": "https://registry.npmjs.org/calculadora94535/-/calculadora94535-2.0.0.tgz",
      "integrity": "sha512-5EUF7SbAB/jEA2wJ3ExewQiscIkAQ2ic+psSJYvmPWpQfY/LLON/AUJWkXP+UoDbbfz1JBZ9eQW0zKFi32TcLw==",
      "license": "ISC"
    }
  }
}
